
Microsoft Visual Studio Solution File, Format Version 12.00
# Visual Studio Version 17
VisualStudioVersion = 17.2.32526.322
MinimumVisualStudioVersion = 10.0.40219.1
Project("{FAE04EC0-301F-11D3-BF4B-00C04F79EFBC}") = "TestTaskTextFilt", "TestTaskTextFilt\TestTaskTextFilt.csproj", "{320F3D90-B021-463E-8EF3-96270730A4E1}"
EndProject
Global
	GlobalSection(SolutionConfigurationPlatforms) = preSolution
		Debug|Any CPU = Debug|Any CPU
		Release|Any CPU = Release|Any CPU
	EndGlobalSection
	GlobalSection(ProjectConfigurationPlatforms) = postSolution
		{320F3D90-B021-463E-8EF3-96270730A4E1}.Debug|Any CPU.ActiveCfg = Debug|Any CPU
		{320F3D90-B021-463E-8EF3-96270730A4E1}.Debug|Any CPU.Build.0 = Debug|Any CPU
		{320F3D90-B021-463E-8EF3-96270730A4E1}.Release|Any CPU.ActiveCfg = Release|Any CPU
		{320F3D90-B021-463E-8EF3-96270730A4E1}.Release|Any CPU.Build.0 = Release|Any CPU
	EndGlobalSection
	GlobalSection(SolutionProperties) = preSolution
		HideSolutionNode = FALSE
	EndGlobalSection
	GlobalSection(ExtensibilityGlobals) = postSolution
		SolutionGuid = {7BE2A341-9BD6-43A1-8234-0A7720408FBF}
	EndGlobalSection
EndGlobal
